
Microsoft Visual Studio Solution File, Format Version 12.00
# Visual Studio Version 17
VisualStudioVersion = 17.4.33213.308
MinimumVisualStudioVersion = 10.0.40219.1
Project("{9A19103F-16F7-4668-BE54-9A1E7A4F7556}") = "ConsoleAppTest", "ConsoleAppTest\ConsoleAppTest.csproj", "{35FDAAE0-CA6A-4917-87D6-7722E57DEAA4}"
EndProject
Project("{9A19103F-16F7-4668-BE54-9A1E7A4F7556}") = "DesktopUI", "DesktopUI\DesktopUI.csproj", "{3098D2DE-16B4-448D-A8BF-3B41FA11459B}"
EndProject
Project("{9A19103F-16F7-4668-BE54-9A1E7A4F7556}") = "DataAccess", "DataAccess\DataAccess.csproj", "{27F50C5F-7CB4-43CE-8784-A91DC96E1650}"
EndProject
Project("{9A19103F-16F7-4668-BE54-9A1E7A4F7556}") = "Entities", "Entities\Entities.csproj", "{010F0A66-A260-43F1-A845-9B656F298BB4}"
EndProject
Project("{FAE04EC0-301F-11D3-BF4B-00C04F79EFBC}") = "FormBusiness", "FormBusiness\FormBusiness.csproj", "{B68394C1-FC8C-46DE-9A8D-A3F21903A309}"
EndProject
Global
	GlobalSection(SolutionConfigurationPlatforms) = preSolution
		Debug|Any CPU = Debug|Any CPU
		Release|Any CPU = Release|Any CPU
	EndGlobalSection
	GlobalSection(ProjectConfigurationPlatforms) = postSolution
		{35FDAAE0-CA6A-4917-87D6-7722E57DEAA4}.Debug|Any CPU.ActiveCfg = Debug|Any CPU
		{35FDAAE0-CA6A-4917-87D6-7722E57DEAA4}.Debug|Any CPU.Build.0 = Debug|Any CPU
		{35FDAAE0-CA6A-4917-87D6-7722E57DEAA4}.Release|Any CPU.ActiveCfg = Release|Any CPU
		{35FDAAE0-CA6A-4917-87D6-7722E57DEAA4}.Release|Any CPU.Build.0 = Release|Any CPU
		{3098D2DE-16B4-448D-A8BF-3B41FA11459B}.Debug|Any CPU.ActiveCfg = Debug|Any CPU
		{3098D2DE-16B4-448D-A8BF-3B41FA11459B}.Debug|Any CPU.Build.0 = Debug|Any CPU
		{3098D2DE-16B4-448D-A8BF-3B41FA11459B}.Release|Any CPU.ActiveCfg = Release|Any CPU
		{3098D2DE-16B4-448D-A8BF-3B41FA11459B}.Release|Any CPU.Build.0 = Release|Any CPU
		{27F50C5F-7CB4-43CE-8784-A91DC96E1650}.Debug|Any CPU.ActiveCfg = Debug|Any CPU
		{27F50C5F-7CB4-43CE-8784-A91DC96E1650}.Debug|Any CPU.Build.0 = Debug|Any CPU
		{27F50C5F-7CB4-43CE-8784-A91DC96E1650}.Release|Any CPU.ActiveCfg = Release|Any CPU
		{27F50C5F-7CB4-43CE-8784-A91DC96E1650}.Release|Any CPU.Build.0 = Release|Any CPU
		{010F0A66-A260-43F1-A845-9B656F298BB4}.Debug|Any CPU.ActiveCfg = Debug|Any CPU
		{010F0A66-A260-43F1-A845-9B656F298BB4}.Debug|Any CPU.Build.0 = Debug|Any CPU
		{010F0A66-A260-43F1-A845-9B656F298BB4}.Release|Any CPU.ActiveCfg = Release|Any CPU
		{010F0A66-A260-43F1-A845-9B656F298BB4}.Release|Any CPU.Build.0 = Release|Any CPU
		{B68394C1-FC8C-46DE-9A8D-A3F21903A309}.Debug|Any CPU.ActiveCfg = Debug|Any CPU
		{B68394C1-FC8C-46DE-9A8D-A3F21903A309}.Debug|Any CPU.Build.0 = Debug|Any CPU
		{B68394C1-FC8C-46DE-9A8D-A3F21903A309}.Release|Any CPU.ActiveCfg = Release|Any CPU
		{B68394C1-FC8C-46DE-9A8D-A3F21903A309}.Release|Any CPU.Build.0 = Release|Any CPU
	EndGlobalSection
	GlobalSection(SolutionProperties) = preSolution
		HideSolutionNode = FALSE
	EndGlobalSection
	GlobalSection(ExtensibilityGlobals) = postSolution
		SolutionGuid = {26F61C6C-5344-4369-A3CA-A705DB2D27C2}
	EndGlobalSection
EndGlobal
